<?xml version="1.0" encoding="utf-8"?>
<Project ToolsVersion="4.0" xmlns="http://schemas.microsoft.com/developer/msbuild/2003">
  <ItemGroup>
    <Filter Include="Source Files">
      <UniqueIdentifier>{4FC737F1-C7A5-4376-A066-2A32D752A2FF}</UniqueIdentifier>
      <Extensions>cpp;c;cc;cxx;def;odl;idl;hpj;bat;asm;asmx</Extensions>
    </Filter>
    <Filter Include="Source Files\alglib">
      <UniqueIdentifier>{3ac14e3f-ad95-4419-ba51-68f6b30ce09e}</UniqueIdentifier>
    </Filter>
  </ItemGroup>
  <ItemGroup>
    <ClCompile Include="auglag.cpp">
      <Filter>Source Files</Filter>
    </ClCompile>
    <ClCompile Include="bah.cpp">
      <Filter>Source Files</Filter>
    </ClCompile>
    <ClCompile Include="bvh.cpp">
      <Filter>Source Files</Filter>
    </ClCompile>
    <ClCompile Include="cloth.cpp">
      <Filter>Source Files</Filter>
    </ClCompile>
    <ClCompile Include="collision.cpp">
      <Filter>Source Files</Filter>
    </ClCompile>
    <ClCompile Include="collisionutil.cpp">
      <Filter>Source Files</Filter>
    </ClCompile>
    <ClCompile Include="conf.cpp">
      <Filter>Source Files</Filter>
    </ClCompile>
    <ClCompile Include="constraint.cpp">
      <Filter>Source Files</Filter>
    </ClCompile>
    <ClCompile Include="dde.cpp">
      <Filter>Source Files</Filter>
    </ClCompile>
    <ClCompile Include="display.cpp">
      <Filter>Source Files</Filter>
    </ClCompile>
    <ClCompile Include="displayphysics.cpp">
      <Filter>Source Files</Filter>
    </ClCompile>
    <ClCompile Include="displayreplay.cpp">
      <Filter>Source Files</Filter>
    </ClCompile>
    <ClCompile Include="displaytesting.cpp">
      <Filter>Source Files</Filter>
    </ClCompile>
    <ClCompile Include="dynamicremesh.cpp">
      <Filter>Source Files</Filter>
    </ClCompile>
    <ClCompile Include="geometry.cpp">
      <Filter>Source Files</Filter>
    </ClCompile>
    <ClCompile Include="handle.cpp">
      <Filter>Source Files</Filter>
    </ClCompile>
    <ClCompile Include="io.cpp">
      <Filter>Source Files</Filter>
    </ClCompile>
    <ClCompile Include="lbfgs.cpp">
      <Filter>Source Files</Filter>
    </ClCompile>
    <ClCompile Include="lsnewton.cpp">
      <Filter>Source Files</Filter>
    </ClCompile>
    <ClCompile Include="magic.cpp">
      <Filter>Source Files</Filter>
    </ClCompile>
    <ClCompile Include="main.cpp">
      <Filter>Source Files</Filter>
    </ClCompile>
    <ClCompile Include="mesh.cpp">
      <Filter>Source Files</Filter>
    </ClCompile>
    <ClCompile Include="misc.cpp">
      <Filter>Source Files</Filter>
    </ClCompile>
    <ClCompile Include="morph.cpp">
      <Filter>Source Files</Filter>
    </ClCompile>
    <ClCompile Include="mot_parser.cpp">
      <Filter>Source Files</Filter>
    </ClCompile>
    <ClCompile Include="nearobs.cpp">
      <Filter>Source Files</Filter>
    </ClCompile>
    <ClCompile Include="obstacle.cpp">
      <Filter>Source Files</Filter>
    </ClCompile>
    <ClCompile Include="physics.cpp">
      <Filter>Source Files</Filter>
    </ClCompile>
    <ClCompile Include="plasticity.cpp">
      <Filter>Source Files</Filter>
    </ClCompile>
    <ClCompile Include="popfilter.cpp">
      <Filter>Source Files</Filter>
    </ClCompile>
    <ClCompile Include="proximity.cpp">
      <Filter>Source Files</Filter>
    </ClCompile>
    <ClCompile Include="remesh.cpp">
      <Filter>Source Files</Filter>
    </ClCompile>
    <ClCompile Include="runphysics.cpp">
      <Filter>Source Files</Filter>
    </ClCompile>
    <ClCompile Include="separate.cpp">
      <Filter>Source Files</Filter>
    </ClCompile>
    <ClCompile Include="separateobs.cpp">
      <Filter>Source Files</Filter>
    </ClCompile>
    <ClCompile Include="simulation.cpp">
      <Filter>Source Files</Filter>
    </ClCompile>
    <ClCompile Include="spline.cpp">
      <Filter>Source Files</Filter>
    </ClCompile>
    <ClCompile Include="strainlimiting.cpp">
      <Filter>Source Files</Filter>
    </ClCompile>
    <ClCompile Include="taucs.cpp">
      <Filter>Source Files</Filter>
    </ClCompile>
    <ClCompile Include="tensormax.cpp">
      <Filter>Source Files</Filter>
    </ClCompile>
    <ClCompile Include="timer.cpp">
      <Filter>Source Files</Filter>
    </ClCompile>
    <ClCompile Include="transformation.cpp">
      <Filter>Source Files</Filter>
    </ClCompile>
    <ClCompile Include="trustregion.cpp">
      <Filter>Source Files</Filter>
    </ClCompile>
    <ClCompile Include="util.cpp">
      <Filter>Source Files</Filter>
    </ClCompile>
    <ClCompile Include="vectors.cpp">
      <Filter>Source Files</Filter>
    </ClCompile>
    <ClCompile Include="..\alglib\alglibinternal.cpp">
      <Filter>Source Files\alglib</Filter>
    </ClCompile>
    <ClCompile Include="..\alglib\alglibmisc.cpp">
      <Filter>Source Files\alglib</Filter>
    </ClCompile>
    <ClCompile Include="..\alglib\ap.cpp">
      <Filter>Source Files\alglib</Filter>
    </ClCompile>
    <ClCompile Include="..\alglib\dataanalysis.cpp">
      <Filter>Source Files\alglib</Filter>
    </ClCompile>
    <ClCompile Include="..\alglib\diffequations.cpp">
      <Filter>Source Files\alglib</Filter>
    </ClCompile>
    <ClCompile Include="..\alglib\fasttransforms.cpp">
      <Filter>Source Files\alglib</Filter>
    </ClCompile>
    <ClCompile Include="..\alglib\integration.cpp">
      <Filter>Source Files\alglib</Filter>
    </ClCompile>
    <ClCompile Include="..\alglib\interpolation.cpp">
      <Filter>Source Files\alglib</Filter>
    </ClCompile>
    <ClCompile Include="..\alglib\linalg.cpp">
      <Filter>Source Files\alglib</Filter>
    </ClCompile>
    <ClCompile Include="..\alglib\optimization.cpp">
      <Filter>Source Files\alglib</Filter>
    </ClCompile>
    <ClCompile Include="..\alglib\solvers.cpp">
      <Filter>Source Files\alglib</Filter>
    </ClCompile>
    <ClCompile Include="..\alglib\specialfunctions.cpp">
      <Filter>Source Files\alglib</Filter>
    </ClCompile>
    <ClCompile Include="..\alglib\statistics.cpp">
      <Filter>Source Files\alglib</Filter>
    </ClCompile>
    <ClCompile Include="refinemesh.cpp">
      <Filter>Source Files</Filter>
    </ClCompile>
  </ItemGroup>
  <ItemGroup>
    <ClInclude Include="auglag.hpp">
      <Filter>Source Files</Filter>
    </ClInclude>
    <ClInclude Include="bah.hpp">
      <Filter>Source Files</Filter>
    </ClInclude>
    <ClInclude Include="blockvectors.hpp">
      <Filter>Source Files</Filter>
    </ClInclude>
    <ClInclude Include="bvh.hpp">
      <Filter>Source Files</Filter>
    </ClInclude>
    <ClInclude Include="cloth.hpp">
      <Filter>Source Files</Filter>
    </ClInclude>
    <ClInclude Include="collision.hpp">
      <Filter>Source Files</Filter>
    </ClInclude>
    <ClInclude Include="collisionutil.hpp">
      <Filter>Source Files</Filter>
    </ClInclude>
    <ClInclude Include="conf.hpp">
      <Filter>Source Files</Filter>
    </ClInclude>
    <ClInclude Include="constraint.hpp">
      <Filter>Source Files</Filter>
    </ClInclude>
    <ClInclude Include="dde.hpp">
      <Filter>Source Files</Filter>
    </ClInclude>
    <ClInclude Include="display.hpp">
      <Filter>Source Files</Filter>
    </ClInclude>
    <ClInclude Include="displayphysics.hpp">
      <Filter>Source Files</Filter>
    </ClInclude>
    <ClInclude Include="displayreplay.hpp">
      <Filter>Source Files</Filter>
    </ClInclude>
    <ClInclude Include="displaytesting.hpp">
      <Filter>Source Files</Filter>
    </ClInclude>
    <ClInclude Include="dynamicremesh.hpp">
      <Filter>Source Files</Filter>
    </ClInclude>
    <ClInclude Include="geometry.hpp">
      <Filter>Source Files</Filter>
    </ClInclude>
    <ClInclude Include="handle.hpp">
      <Filter>Source Files</Filter>
    </ClInclude>
    <ClInclude Include="io.hpp">
      <Filter>Source Files</Filter>
    </ClInclude>
    <ClInclude Include="magic.hpp">
      <Filter>Source Files</Filter>
    </ClInclude>
    <ClInclude Include="mesh.hpp">
      <Filter>Source Files</Filter>
    </ClInclude>
    <ClInclude Include="misc.hpp">
      <Filter>Source Files</Filter>
    </ClInclude>
    <ClInclude Include="morph.hpp">
      <Filter>Source Files</Filter>
    </ClInclude>
    <ClInclude Include="mot_parser.hpp">
      <Filter>Source Files</Filter>
    </ClInclude>
    <ClInclude Include="nearobs.hpp">
      <Filter>Source Files</Filter>
    </ClInclude>
    <ClInclude Include="obstacle.hpp">
      <Filter>Source Files</Filter>
    </ClInclude>
    <ClInclude Include="opengl.hpp">
      <Filter>Source Files</Filter>
    </ClInclude>
    <ClInclude Include="physics.hpp">
      <Filter>Source Files</Filter>
    </ClInclude>
    <ClInclude Include="plasticity.hpp">
      <Filter>Source Files</Filter>
    </ClInclude>
    <ClInclude Include="popfilter.hpp">
      <Filter>Source Files</Filter>
    </ClInclude>
    <ClInclude Include="proximity.hpp">
      <Filter>Source Files</Filter>
    </ClInclude>
    <ClInclude Include="remesh.hpp">
      <Filter>Source Files</Filter>
    </ClInclude>
    <ClInclude Include="runphysics.hpp">
      <Filter>Source Files</Filter>
    </ClInclude>
    <ClInclude Include="separate.hpp">
      <Filter>Source Files</Filter>
    </ClInclude>
    <ClInclude Include="separateobs.hpp">
      <Filter>Source Files</Filter>
    </ClInclude>
    <ClInclude Include="simulation.hpp">
      <Filter>Source Files</Filter>
    </ClInclude>
    <ClInclude Include="sparse.hpp">
      <Filter>Source Files</Filter>
    </ClInclude>
    <ClInclude Include="spline.hpp">
      <Filter>Source Files</Filter>
    </ClInclude>
    <ClInclude Include="strainlimiting.hpp">
      <Filter>Source Files</Filter>
    </ClInclude>
    <ClInclude Include="taucs.hpp">
      <Filter>Source Files</Filter>
    </ClInclude>
    <ClInclude Include="tensormax.hpp">
      <Filter>Source Files</Filter>
    </ClInclude>
    <ClInclude Include="timer.hpp">
      <Filter>Source Files</Filter>
    </ClInclude>
    <ClInclude Include="transformation.hpp">
      <Filter>Source Files</Filter>
    </ClInclude>
    <ClInclude Include="util.hpp">
      <Filter>Source Files</Filter>
    </ClInclude>
    <ClInclude Include="vectors.hpp">
      <Filter>Source Files</Filter>
    </ClInclude>
    <ClInclude Include="winport.hpp">
      <Filter>Source Files</Filter>
    </ClInclude>
    <ClInclude Include="..\alglib\alglibinternal.h">
      <Filter>Source Files\alglib</Filter>
    </ClInclude>
    <ClInclude Include="..\alglib\alglibmisc.h">
      <Filter>Source Files\alglib</Filter>
    </ClInclude>
    <ClInclude Include="..\alglib\ap.h">
      <Filter>Source Files\alglib</Filter>
    </ClInclude>
    <ClInclude Include="..\alglib\dataanalysis.h">
      <Filter>Source Files\alglib</Filter>
    </ClInclude>
    <ClInclude Include="..\alglib\diffequations.h">
      <Filter>Source Files\alglib</Filter>
    </ClInclude>
    <ClInclude Include="..\alglib\fasttransforms.h">
      <Filter>Source Files\alglib</Filter>
    </ClInclude>
    <ClInclude Include="..\alglib\integration.h">
      <Filter>Source Files\alglib</Filter>
    </ClInclude>
    <ClInclude Include="..\alglib\interpolation.h">
      <Filter>Source Files\alglib</Filter>
    </ClInclude>
    <ClInclude Include="..\alglib\linalg.h">
      <Filter>Source Files\alglib</Filter>
    </ClInclude>
    <ClInclude Include="..\alglib\optimization.h">
      <Filter>Source Files\alglib</Filter>
    </ClInclude>
    <ClInclude Include="..\alglib\solvers.h">
      <Filter>Source Files\alglib</Filter>
    </ClInclude>
    <ClInclude Include="..\alglib\specialfunctions.h">
      <Filter>Source Files\alglib</Filter>
    </ClInclude>
    <ClInclude Include="..\alglib\statistics.h">
      <Filter>Source Files\alglib</Filter>
    </ClInclude>
    <ClInclude Include="refinemesh.hpp">
      <Filter>Source Files</Filter>
    </ClInclude>
  </ItemGroup>
  <ItemGroup>
    <Text Include="..\notes.txt" />
  </ItemGroup>
  <ItemGroup>
    <None Include="..\README" />
  </ItemGroup>
</Project>